
Microsoft Visual Studio Solution File, Format Version 12.00
# Visual Studio 14
VisualStudioVersion = 14.0.25123.0
MinimumVisualStudioVersion = 10.0.40219.1
Project("{FAE04EC0-301F-11D3-BF4B-00C04F79EFBC}") = "SortSearchAndPagedSample", "SortSearchAndPagedSample\SortSearchAndPagedSample.csproj", "{FE31CA33-6BF4-4778-B63F-113C256B63F7}"
EndProject
Global
	GlobalSection(SolutionConfigurationPlatforms) = preSolution
		Debug|Any CPU = Debug|Any CPU
		Release|Any CPU = Release|Any CPU
	EndGlobalSection
	GlobalSection(ProjectConfigurationPlatforms) = postSolution
		{FE31CA33-6BF4-4778-B63F-113C256B63F7}.Debug|Any CPU.ActiveCfg = Debug|Any CPU
		{FE31CA33-6BF4-4778-B63F-113C256B63F7}.Debug|Any CPU.Build.0 = Debug|Any CPU
		{FE31CA33-6BF4-4778-B63F-113C256B63F7}.Release|Any CPU.ActiveCfg = Release|Any CPU
		{FE31CA33-6BF4-4778-B63F-113C256B63F7}.Release|Any CPU.Build.0 = Release|Any CPU
	EndGlobalSection
	GlobalSection(SolutionProperties) = preSolution
		HideSolutionNode = FALSE
	EndGlobalSection
	GlobalSection(CodealikeProperties) = postSolution
		SolutionGuid = 098f2cd4-0436-41df-8e4f-7875759f18ff
	EndGlobalSection
EndGlobal
